
Microsoft Visual Studio Solution File, Format Version 12.00
# Visual Studio Version 17
VisualStudioVersion = 17.10.35013.160
MinimumVisualStudioVersion = 10.0.40219.1
Project("{2150E333-8FDC-42A3-9474-1A3956D46DE8}") = "src", "src", "{4AD353A8-63DC-4742-960D-7BC35FE5DD13}"
EndProject
Project("{2150E333-8FDC-42A3-9474-1A3956D46DE8}") = "Domain", "Domain", "{D0013C90-CF91-4C6A-8A0B-14B483747732}"
EndProject
Project("{2150E333-8FDC-42A3-9474-1A3956D46DE8}") = "Application", "Application", "{0401D938-7410-42E0-9F64-097AFBDCF9B2}"
EndProject
Project("{2150E333-8FDC-42A3-9474-1A3956D46DE8}") = "Api", "Api", "{CAE7019E-2BAC-4DD5-959C-ED2239DB8513}"
EndProject
Project("{9A19103F-16F7-4668-BE54-9A1E7A4F7556}") = "TestTask.Application", "src\Application\TestTask.Application\TestTask.Application.csproj", "{249EE412-6F9A-445F-8C1F-CF605299C816}"
EndProject
Project("{9A19103F-16F7-4668-BE54-9A1E7A4F7556}") = "TestTak.Api.AzureFunctions", "src\Api\TestTak.Api.AzureFunctions\TestTak.Api.AzureFunctions.csproj", "{AD22B61A-3B32-4ABD-8D9D-E896CF865EF9}"
EndProject
Project("{2150E333-8FDC-42A3-9474-1A3956D46DE8}") = "Infrastructure", "Infrastructure", "{3D14D4BD-12E8-44A3-88DA-EF7E28E8317B}"
EndProject
Project("{9A19103F-16F7-4668-BE54-9A1E7A4F7556}") = "TestTask.Infrastructure", "src\Infrastructure\TestTask.Infrastructure\TestTask.Infrastructure.csproj", "{DA3F32DC-49D5-4D0E-BB35-9E23E0306C9E}"
EndProject
Project("{9A19103F-16F7-4668-BE54-9A1E7A4F7556}") = "TestTask.Domain", "src\Domain\TestTask.Domain\TestTask.Domain.csproj", "{2FD211B8-8B25-4966-AD71-BE57D2CF2EA8}"
EndProject
Global
	GlobalSection(SolutionConfigurationPlatforms) = preSolution
		Debug|Any CPU = Debug|Any CPU
		Release|Any CPU = Release|Any CPU
	EndGlobalSection
	GlobalSection(ProjectConfigurationPlatforms) = postSolution
		{249EE412-6F9A-445F-8C1F-CF605299C816}.Debug|Any CPU.ActiveCfg = Debug|Any CPU
		{249EE412-6F9A-445F-8C1F-CF605299C816}.Debug|Any CPU.Build.0 = Debug|Any CPU
		{249EE412-6F9A-445F-8C1F-CF605299C816}.Release|Any CPU.ActiveCfg = Release|Any CPU
		{249EE412-6F9A-445F-8C1F-CF605299C816}.Release|Any CPU.Build.0 = Release|Any CPU
		{AD22B61A-3B32-4ABD-8D9D-E896CF865EF9}.Debug|Any CPU.ActiveCfg = Debug|Any CPU
		{AD22B61A-3B32-4ABD-8D9D-E896CF865EF9}.Debug|Any CPU.Build.0 = Debug|Any CPU
		{AD22B61A-3B32-4ABD-8D9D-E896CF865EF9}.Release|Any CPU.ActiveCfg = Release|Any CPU
		{AD22B61A-3B32-4ABD-8D9D-E896CF865EF9}.Release|Any CPU.Build.0 = Release|Any CPU
		{DA3F32DC-49D5-4D0E-BB35-9E23E0306C9E}.Debug|Any CPU.ActiveCfg = Debug|Any CPU
		{DA3F32DC-49D5-4D0E-BB35-9E23E0306C9E}.Debug|Any CPU.Build.0 = Debug|Any CPU
		{DA3F32DC-49D5-4D0E-BB35-9E23E0306C9E}.Release|Any CPU.ActiveCfg = Release|Any CPU
		{DA3F32DC-49D5-4D0E-BB35-9E23E0306C9E}.Release|Any CPU.Build.0 = Release|Any CPU
		{2FD211B8-8B25-4966-AD71-BE57D2CF2EA8}.Debug|Any CPU.ActiveCfg = Debug|Any CPU
		{2FD211B8-8B25-4966-AD71-BE57D2CF2EA8}.Debug|Any CPU.Build.0 = Debug|Any CPU
		{2FD211B8-8B25-4966-AD71-BE57D2CF2EA8}.Release|Any CPU.ActiveCfg = Release|Any CPU
		{2FD211B8-8B25-4966-AD71-BE57D2CF2EA8}.Release|Any CPU.Build.0 = Release|Any CPU
	EndGlobalSection
	GlobalSection(SolutionProperties) = preSolution
		HideSolutionNode = FALSE
	EndGlobalSection
	GlobalSection(NestedProjects) = preSolution
		{D0013C90-CF91-4C6A-8A0B-14B483747732} = {4AD353A8-63DC-4742-960D-7BC35FE5DD13}
		{0401D938-7410-42E0-9F64-097AFBDCF9B2} = {4AD353A8-63DC-4742-960D-7BC35FE5DD13}
		{CAE7019E-2BAC-4DD5-959C-ED2239DB8513} = {4AD353A8-63DC-4742-960D-7BC35FE5DD13}
		{249EE412-6F9A-445F-8C1F-CF605299C816} = {0401D938-7410-42E0-9F64-097AFBDCF9B2}
		{AD22B61A-3B32-4ABD-8D9D-E896CF865EF9} = {CAE7019E-2BAC-4DD5-959C-ED2239DB8513}
		{3D14D4BD-12E8-44A3-88DA-EF7E28E8317B} = {4AD353A8-63DC-4742-960D-7BC35FE5DD13}
		{DA3F32DC-49D5-4D0E-BB35-9E23E0306C9E} = {3D14D4BD-12E8-44A3-88DA-EF7E28E8317B}
		{2FD211B8-8B25-4966-AD71-BE57D2CF2EA8} = {D0013C90-CF91-4C6A-8A0B-14B483747732}
	EndGlobalSection
	GlobalSection(ExtensibilityGlobals) = postSolution
		SolutionGuid = {71F424E6-B6C2-4585-BCED-198FB594DF92}
	EndGlobalSection
EndGlobal
